
Microsoft Visual Studio Solution File, Format Version 11.00
# Visual Studio 2010
Project("{FAE04EC0-301F-11D3-BF4B-00C04F79EFBC}") = "CRM_EasyUI_2016", "CRM_EasyUI_2016\CRM_EasyUI_2016.csproj", "{6B2ED4B7-DACA-4589-AD5B-1501732C0760}"
EndProject
Project("{FAE04EC0-301F-11D3-BF4B-00C04F79EFBC}") = "GroupThink.CRM.Common", "CRM_EasyUI_Comon\GroupThink.CRM.Common.csproj", "{EFBC9BE9-4968-4F67-A19E-FE120DD350B1}"
EndProject
Project("{FAE04EC0-301F-11D3-BF4B-00C04F79EFBC}") = "GroupThink.CRM.Model", "CRM_EasyUI_Model\GroupThink.CRM.Model.csproj", "{C8408A69-7BB3-4EC1-BDD4-A61A0E14E840}"
EndProject
Project("{2150E333-8FDC-42A3-9474-1A3956D46DE8}") = "00Web", "00Web", "{37D4EED5-FF70-4E95-81C1-11B6D8B04395}"
EndProject
Project("{2150E333-8FDC-42A3-9474-1A3956D46DE8}") = "02Business Logic", "02Business Logic", "{347E5737-81DB-45E5-B4F7-115ECD31CA57}"
EndProject
Project("{2150E333-8FDC-42A3-9474-1A3956D46DE8}") = "01Common", "01Common", "{A29887A8-3F99-4EE7-85DF-39ED82224E41}"
EndProject
Project("{2150E333-8FDC-42A3-9474-1A3956D46DE8}") = "03Data Base", "03Data Base", "{9DD73CDF-187D-467D-909B-82B4A4E326FD}"
EndProject
Project("{FAE04EC0-301F-11D3-BF4B-00C04F79EFBC}") = "GroupThink.CRM.BLL", "CRM_EasyUI_BLL\GroupThink.CRM.BLL.csproj", "{3C8CF76E-58CC-40F6-9FE4-919505157471}"
EndProject
Project("{FAE04EC0-301F-11D3-BF4B-00C04F79EFBC}") = "GroupThink.CRM.IBLL", "CRM_EasyUI_IBLL\GroupThink.CRM.IBLL.csproj", "{CC91E05D-F50C-4B36-82E5-4A36003DC9B1}"
EndProject
Project("{FAE04EC0-301F-11D3-BF4B-00C04F79EFBC}") = "GroupThink.CRM.DAL", "CRM_EasyUI_DAL\GroupThink.CRM.DAL.csproj", "{E89FEC33-B993-4143-8586-DD3581487545}"
EndProject
Project("{FAE04EC0-301F-11D3-BF4B-00C04F79EFBC}") = "GroupThink.CRM.IDAL", "CRM_EasyUI_IDAL\GroupThink.CRM.IDAL.csproj", "{60232DF5-479A-4209-9CDA-E1B73EC2A577}"
EndProject
Project("{FAE04EC0-301F-11D3-BF4B-00C04F79EFBC}") = "GroupThink.CRM.Core", "CRM_EasyUI_Core\GroupThink.CRM.Core.csproj", "{71715B06-FE6F-4705-AA0F-DAC5BA2DA28F}"
EndProject
Project("{2150E333-8FDC-42A3-9474-1A3956D46DE8}") = "Core", "Core", "{F4D69C66-332F-4302-899B-D0E632D23583}"
EndProject
Project("{FAE04EC0-301F-11D3-BF4B-00C04F79EFBC}") = "GroupThink.CRM.BLL.Core", "GroupThink.CRM.BLL.Core\GroupThink.CRM.BLL.Core.csproj", "{66D256F8-F631-4280-A9C6-FB9853A04188}"
EndProject
Global
	GlobalSection(SolutionConfigurationPlatforms) = preSolution
		Debug|Any CPU = Debug|Any CPU
		Release|Any CPU = Release|Any CPU
	EndGlobalSection
	GlobalSection(ProjectConfigurationPlatforms) = postSolution
		{6B2ED4B7-DACA-4589-AD5B-1501732C0760}.Debug|Any CPU.ActiveCfg = Debug|Any CPU
		{6B2ED4B7-DACA-4589-AD5B-1501732C0760}.Debug|Any CPU.Build.0 = Debug|Any CPU
		{6B2ED4B7-DACA-4589-AD5B-1501732C0760}.Release|Any CPU.ActiveCfg = Release|Any CPU
		{6B2ED4B7-DACA-4589-AD5B-1501732C0760}.Release|Any CPU.Build.0 = Release|Any CPU
		{EFBC9BE9-4968-4F67-A19E-FE120DD350B1}.Debug|Any CPU.ActiveCfg = Debug|Any CPU
		{EFBC9BE9-4968-4F67-A19E-FE120DD350B1}.Debug|Any CPU.Build.0 = Debug|Any CPU
		{EFBC9BE9-4968-4F67-A19E-FE120DD350B1}.Release|Any CPU.ActiveCfg = Release|Any CPU
		{EFBC9BE9-4968-4F67-A19E-FE120DD350B1}.Release|Any CPU.Build.0 = Release|Any CPU
		{C8408A69-7BB3-4EC1-BDD4-A61A0E14E840}.Debug|Any CPU.ActiveCfg = Debug|Any CPU
		{C8408A69-7BB3-4EC1-BDD4-A61A0E14E840}.Debug|Any CPU.Build.0 = Debug|Any CPU
		{C8408A69-7BB3-4EC1-BDD4-A61A0E14E840}.Release|Any CPU.ActiveCfg = Release|Any CPU
		{C8408A69-7BB3-4EC1-BDD4-A61A0E14E840}.Release|Any CPU.Build.0 = Release|Any CPU
		{3C8CF76E-58CC-40F6-9FE4-919505157471}.Debug|Any CPU.ActiveCfg = Debug|Any CPU
		{3C8CF76E-58CC-40F6-9FE4-919505157471}.Debug|Any CPU.Build.0 = Debug|Any CPU
		{3C8CF76E-58CC-40F6-9FE4-919505157471}.Release|Any CPU.ActiveCfg = Release|Any CPU
		{3C8CF76E-58CC-40F6-9FE4-919505157471}.Release|Any CPU.Build.0 = Release|Any CPU
		{CC91E05D-F50C-4B36-82E5-4A36003DC9B1}.Debug|Any CPU.ActiveCfg = Debug|Any CPU
		{CC91E05D-F50C-4B36-82E5-4A36003DC9B1}.Debug|Any CPU.Build.0 = Debug|Any CPU
		{CC91E05D-F50C-4B36-82E5-4A36003DC9B1}.Release|Any CPU.ActiveCfg = Release|Any CPU
		{CC91E05D-F50C-4B36-82E5-4A36003DC9B1}.Release|Any CPU.Build.0 = Release|Any CPU
		{E89FEC33-B993-4143-8586-DD3581487545}.Debug|Any CPU.ActiveCfg = Debug|Any CPU
		{E89FEC33-B993-4143-8586-DD3581487545}.Debug|Any CPU.Build.0 = Debug|Any CPU
		{E89FEC33-B993-4143-8586-DD3581487545}.Release|Any CPU.ActiveCfg = Release|Any CPU
		{E89FEC33-B993-4143-8586-DD3581487545}.Release|Any CPU.Build.0 = Release|Any CPU
		{60232DF5-479A-4209-9CDA-E1B73EC2A577}.Debug|Any CPU.ActiveCfg = Debug|Any CPU
		{60232DF5-479A-4209-9CDA-E1B73EC2A577}.Debug|Any CPU.Build.0 = Debug|Any CPU
		{60232DF5-479A-4209-9CDA-E1B73EC2A577}.Release|Any CPU.ActiveCfg = Release|Any CPU
		{60232DF5-479A-4209-9CDA-E1B73EC2A577}.Release|Any CPU.Build.0 = Release|Any CPU
		{71715B06-FE6F-4705-AA0F-DAC5BA2DA28F}.Debug|Any CPU.ActiveCfg = Debug|Any CPU
		{71715B06-FE6F-4705-AA0F-DAC5BA2DA28F}.Debug|Any CPU.Build.0 = Debug|Any CPU
		{71715B06-FE6F-4705-AA0F-DAC5BA2DA28F}.Release|Any CPU.ActiveCfg = Release|Any CPU
		{71715B06-FE6F-4705-AA0F-DAC5BA2DA28F}.Release|Any CPU.Build.0 = Release|Any CPU
		{66D256F8-F631-4280-A9C6-FB9853A04188}.Debug|Any CPU.ActiveCfg = Debug|Any CPU
		{66D256F8-F631-4280-A9C6-FB9853A04188}.Debug|Any CPU.Build.0 = Debug|Any CPU
		{66D256F8-F631-4280-A9C6-FB9853A04188}.Release|Any CPU.ActiveCfg = Release|Any CPU
		{66D256F8-F631-4280-A9C6-FB9853A04188}.Release|Any CPU.Build.0 = Release|Any CPU
	EndGlobalSection
	GlobalSection(SolutionProperties) = preSolution
		HideSolutionNode = FALSE
	EndGlobalSection
	GlobalSection(NestedProjects) = preSolution
		{6B2ED4B7-DACA-4589-AD5B-1501732C0760} = {37D4EED5-FF70-4E95-81C1-11B6D8B04395}
		{EFBC9BE9-4968-4F67-A19E-FE120DD350B1} = {A29887A8-3F99-4EE7-85DF-39ED82224E41}
		{71715B06-FE6F-4705-AA0F-DAC5BA2DA28F} = {A29887A8-3F99-4EE7-85DF-39ED82224E41}
		{C8408A69-7BB3-4EC1-BDD4-A61A0E14E840} = {9DD73CDF-187D-467D-909B-82B4A4E326FD}
		{E89FEC33-B993-4143-8586-DD3581487545} = {9DD73CDF-187D-467D-909B-82B4A4E326FD}
		{60232DF5-479A-4209-9CDA-E1B73EC2A577} = {9DD73CDF-187D-467D-909B-82B4A4E326FD}
		{3C8CF76E-58CC-40F6-9FE4-919505157471} = {347E5737-81DB-45E5-B4F7-115ECD31CA57}
		{CC91E05D-F50C-4B36-82E5-4A36003DC9B1} = {347E5737-81DB-45E5-B4F7-115ECD31CA57}
		{F4D69C66-332F-4302-899B-D0E632D23583} = {347E5737-81DB-45E5-B4F7-115ECD31CA57}
		{66D256F8-F631-4280-A9C6-FB9853A04188} = {F4D69C66-332F-4302-899B-D0E632D23583}
	EndGlobalSection
EndGlobal
